{
  "version": 4,
  "terraform_version": "1.6.6",
  "serial": 4,
  "lineage": "f29751b4-5fcf-e1aa-55bc-a305f794bc78",
  "outputs": {},
  "resources": [
    {
      "module": "module.project0",
      "mode": "managed",
      "type": "azurerm_resource_group",
      "name": "resource_group_project0",
      "provider": "provider[\"registry.terraform.io/hashicorp/azurerm\"]",
      "instances": [
        {
          "schema_version": 0,
          "attributes": {
            "id": "/subscriptions/6923f8cc-4638-4832-a0e7-63be3ca5c15b/resourceGroups/Rg-vp0",
            "location": "eastus",
            "managed_by": "",
            "name": "Rg-vp0",
            "tags": null,
            "timeouts": null
          },
          "sensitive_attributes": [],
          "private": "eyJlMmJmYjczMC1lY2FhLTExZTYtOGY4OC0zNDM2M2JjN2M0YzAiOnsiY3JlYXRlIjo1NDAwMDAwMDAwMDAwLCJkZWxldGUiOjU0MDAwMDAwMDAwMDAsInJlYWQiOjMwMDAwMDAwMDAwMCwidXBkYXRlIjo1NDAwMDAwMDAwMDAwfX0="
        }
      ]
    },
    {
      "module": "module.project0",
      "mode": "managed",
      "type": "azurerm_storage_account",
      "name": "storage_account_project0",
      "provider": "provider[\"registry.terraform.io/hashicorp/azurerm\"]",
      "instances": [
        {
          "schema_version": 4,
          "attributes": {
            "access_tier": "Hot",
            "account_kind": "StorageV2",
            "account_replication_type": "LRS",
            "account_tier": "Standard",
            "allow_nested_items_to_be_public": true,
            "allowed_copy_scope": "",
            "azure_files_authentication": [],
            "blob_properties": [
              {
                "change_feed_enabled": false,
                "change_feed_retention_in_days": 0,
                "container_delete_retention_policy": [],
                "cors_rule": [],
                "default_service_version": "",
                "delete_retention_policy": [],
                "last_access_time_enabled": false,
                "restore_policy": [],
                "versioning_enabled": false
              }
            ],
            "cross_tenant_replication_enabled": true,
            "custom_domain": [],
            "customer_managed_key": [],
            "default_to_oauth_authentication": false,
            "edge_zone": "",
            "enable_https_traffic_only": true,
            "id": "/subscriptions/6923f8cc-4638-4832-a0e7-63be3ca5c15b/resourceGroups/Rg-vp0/providers/Microsoft.Storage/storageAccounts/storageaccountvp0",
            "identity": [],
            "immutability_policy": [],
            "infrastructure_encryption_enabled": false,
            "is_hns_enabled": false,
            "large_file_share_enabled": null,
            "location": "eastus",
            "min_tls_version": "TLS1_2",
            "name": "storageaccountvp0",
            "network_rules": [
              {
                "bypass": [
                  "AzureServices"
                ],
                "default_action": "Allow",
                "ip_rules": [],
                "private_link_access": [],
                "virtual_network_subnet_ids": []
              }
            ],
            "nfsv3_enabled": false,
            "primary_access_key": "cbBYAVxHJ7+l5SumnCUREeWkp2YUAR94RP6Usr2M0LMMUuXEweb2UV+2aTvgm0CZTnO1pJ2dljnY+AStHvClzA==",
            "primary_blob_connection_string": "DefaultEndpointsProtocol=https;BlobEndpoint=https://storageaccountvp0.blob.core.windows.net/;AccountName=storageaccountvp0;AccountKey=cbBYAVxHJ7+l5SumnCUREeWkp2YUAR94RP6Usr2M0LMMUuXEweb2UV+2aTvgm0CZTnO1pJ2dljnY+AStHvClzA==",
            "primary_blob_endpoint": "https://storageaccountvp0.blob.core.windows.net/",
            "primary_blob_host": "storageaccountvp0.blob.core.windows.net",
            "primary_blob_internet_endpoint": null,
            "primary_blob_internet_host": null,
            "primary_blob_microsoft_endpoint": null,
            "primary_blob_microsoft_host": null,
            "primary_connection_string": "DefaultEndpointsProtocol=https;AccountName=storageaccountvp0;AccountKey=cbBYAVxHJ7+l5SumnCUREeWkp2YUAR94RP6Usr2M0LMMUuXEweb2UV+2aTvgm0CZTnO1pJ2dljnY+AStHvClzA==;EndpointSuffix=core.windows.net",
            "primary_dfs_endpoint": "https://storageaccountvp0.dfs.core.windows.net/",
            "primary_dfs_host": "storageaccountvp0.dfs.core.windows.net",
            "primary_dfs_internet_endpoint": null,
            "primary_dfs_internet_host": null,
            "primary_dfs_microsoft_endpoint": null,
            "primary_dfs_microsoft_host": null,
            "primary_file_endpoint": "https://storageaccountvp0.file.core.windows.net/",
            "primary_file_host": "storageaccountvp0.file.core.windows.net",
            "primary_file_internet_endpoint": null,
            "primary_file_internet_host": null,
            "primary_file_microsoft_endpoint": null,
            "primary_file_microsoft_host": null,
            "primary_location": "eastus",
            "primary_queue_endpoint": "https://storageaccountvp0.queue.core.windows.net/",
            "primary_queue_host": "storageaccountvp0.queue.core.windows.net",
            "primary_queue_microsoft_endpoint": null,
            "primary_queue_microsoft_host": null,
            "primary_table_endpoint": "https://storageaccountvp0.table.core.windows.net/",
            "primary_table_host": "storageaccountvp0.table.core.windows.net",
            "primary_table_microsoft_endpoint": null,
            "primary_table_microsoft_host": null,
            "primary_web_endpoint": "https://storageaccountvp0.z13.web.core.windows.net/",
            "primary_web_host": "storageaccountvp0.z13.web.core.windows.net",
            "primary_web_internet_endpoint": null,
            "primary_web_internet_host": null,
            "primary_web_microsoft_endpoint": null,
            "primary_web_microsoft_host": null,
            "public_network_access_enabled": true,
            "queue_encryption_key_type": "Service",
            "queue_properties": [
              {
                "cors_rule": [],
                "hour_metrics": [
                  {
                    "enabled": true,
                    "include_apis": true,
                    "retention_policy_days": 7,
                    "version": "1.0"
                  }
                ],
                "logging": [
                  {
                    "delete": false,
                    "read": false,
                    "retention_policy_days": 0,
                    "version": "1.0",
                    "write": false
                  }
                ],
                "minute_metrics": [
                  {
                    "enabled": false,
                    "include_apis": false,
                    "retention_policy_days": 0,
                    "version": "1.0"
                  }
                ]
              }
            ],
            "resource_group_name": "Rg-vp0",
            "routing": [],
            "sas_policy": [],
            "secondary_access_key": "agETMw/mZqWh1y8Ug7QLAKWejLmGplgK/sEV1Z5GQyYcqNvDtvbVkh+WPYGnT8Un9Q3IHENHuELp+ASttNysqg==",
            "secondary_blob_connection_string": "",
            "secondary_blob_endpoint": null,
            "secondary_blob_host": null,
            "secondary_blob_internet_endpoint": null,
            "secondary_blob_internet_host": null,
            "secondary_blob_microsoft_endpoint": null,
            "secondary_blob_microsoft_host": null,
            "secondary_connection_string": "DefaultEndpointsProtocol=https;AccountName=storageaccountvp0;AccountKey=agETMw/mZqWh1y8Ug7QLAKWejLmGplgK/sEV1Z5GQyYcqNvDtvbVkh+WPYGnT8Un9Q3IHENHuELp+ASttNysqg==;EndpointSuffix=core.windows.net",
            "secondary_dfs_endpoint": null,
            "secondary_dfs_host": null,
            "secondary_dfs_internet_endpoint": null,
            "secondary_dfs_internet_host": null,
            "secondary_dfs_microsoft_endpoint": null,
            "secondary_dfs_microsoft_host": null,
            "secondary_file_endpoint": null,
            "secondary_file_host": null,
            "secondary_file_internet_endpoint": null,
            "secondary_file_internet_host": null,
            "secondary_file_microsoft_endpoint": null,
            "secondary_file_microsoft_host": null,
            "secondary_location": "",
            "secondary_queue_endpoint": null,
            "secondary_queue_host": null,
            "secondary_queue_microsoft_endpoint": null,
            "secondary_queue_microsoft_host": null,
            "secondary_table_endpoint": null,
            "secondary_table_host": null,
            "secondary_table_microsoft_endpoint": null,
            "secondary_table_microsoft_host": null,
            "secondary_web_endpoint": null,
            "secondary_web_host": null,
            "secondary_web_internet_endpoint": null,
            "secondary_web_internet_host": null,
            "secondary_web_microsoft_endpoint": null,
            "secondary_web_microsoft_host": null,
            "sftp_enabled": false,
            "share_properties": [
              {
                "cors_rule": [],
                "retention_policy": [
                  {
                    "days": 7
                  }
                ],
                "smb": []
              }
            ],
            "shared_access_key_enabled": true,
            "static_website": [
              {
                "error_404_document": "",
                "index_document": "index.html"
              }
            ],
            "table_encryption_key_type": "Service",
            "tags": null,
            "timeouts": null
          },
          "sensitive_attributes": [],
          "private": "eyJlMmJmYjczMC1lY2FhLTExZTYtOGY4OC0zNDM2M2JjN2M0YzAiOnsiY3JlYXRlIjozNjAwMDAwMDAwMDAwLCJkZWxldGUiOjM2MDAwMDAwMDAwMDAsInJlYWQiOjMwMDAwMDAwMDAwMCwidXBkYXRlIjozNjAwMDAwMDAwMDAwfSwic2NoZW1hX3ZlcnNpb24iOiI0In0=",
          "dependencies": [
            "module.project0.azurerm_resource_group.resource_group_project0"
          ]
        }
      ]
    },
    {
      "module": "module.project0",
      "mode": "managed",
      "type": "azurerm_storage_blob",
      "name": "blob_project0",
      "provider": "provider[\"registry.terraform.io/hashicorp/azurerm\"]",
      "instances": [
        {
          "schema_version": 1,
          "attributes": {
            "access_tier": "Hot",
            "cache_control": "",
            "content_md5": "",
            "content_type": "text/html",
            "id": "https://storageaccountvp0.blob.core.windows.net/$web/index.html",
            "metadata": {},
            "name": "index.html",
            "parallelism": 8,
            "size": 0,
            "source": null,
            "source_content": "\u003ch1\u003eHello, This a website deployed using terraform by Vikram ;) \u003c/h1\u003e",
            "source_uri": null,
            "storage_account_name": "storageaccountvp0",
            "storage_container_name": "$web",
            "timeouts": null,
            "type": "Block",
            "url": "https://storageaccountvp0.blob.core.windows.net/$web/index.html"
          },
          "sensitive_attributes": [],
          "private": "eyJlMmJmYjczMC1lY2FhLTExZTYtOGY4OC0zNDM2M2JjN2M0YzAiOnsiY3JlYXRlIjoxODAwMDAwMDAwMDAwLCJkZWxldGUiOjE4MDAwMDAwMDAwMDAsInJlYWQiOjMwMDAwMDAwMDAwMCwidXBkYXRlIjoxODAwMDAwMDAwMDAwfSwic2NoZW1hX3ZlcnNpb24iOiIxIn0=",
          "dependencies": [
            "module.project0.azurerm_resource_group.resource_group_project0",
            "module.project0.azurerm_storage_account.storage_account_project0"
          ]
        }
      ]
    }
  ],
  "check_results": null
}
